// !$*UTF8*$!
{
	archiveVersion = 1;
	classes = {
	};
	objectVersion = 46;
	objects = {

/* Begin PBXBuildFile section */
		D21D3A5E1DD842A40073CD53 /* AppDelegate.swift in Sources */ = {isa = PBXBuildFile; fileRef = D21D3A5D1DD842A40073CD53 /* AppDelegate.swift */; };
		D21D3A601DD842A40073CD53 /* ViewController.swift in Sources */ = {isa = PBXBuildFile; fileRef = D21D3A5F1DD842A40073CD53 /* ViewController.swift */; };
		D21D3A631DD842A40073CD53 /* Main.storyboard in Resources */ = {isa = PBXBuildFile; fileRef = D21D3A611DD842A40073CD53 /* Main.storyboard */; };
		D21D3A651DD842A40073CD53 /* Assets.xcassets in Resources */ = {isa = PBXBuildFile; fileRef = D21D3A641DD842A40073CD53 /* Assets.xcassets */; };
		D21D3A681DD842A40073CD53 /* LaunchScreen.storyboard in Resources */ = {isa = PBXBuildFile; fileRef = D21D3A661DD842A40073CD53 /* LaunchScreen.storyboard */; };
		D21D3A731DD842A40073CD53 /* textTests.swift in Sources */ = {isa = PBXBuildFile; fileRef = D21D3A721DD842A40073CD53 /* textTests.swift */; };
		D21D3A7E1DD842A50073CD53 /* textUITests.swift in Sources */ = {isa = PBXBuildFile; fileRef = D21D3A7D1DD842A50073CD53 /* textUITests.swift */; };
/* End PBXBuildFile section */

/* Begin PBXContainerItemProxy section */
		D21D3A6F1DD842A40073CD53 /* PBXContainerItemProxy */ = {
			isa = PBXContainerItemProxy;
			containerPortal = D21D3A521DD842A40073CD53 /* Project object */;
			proxyType = 1;
			remoteGlobalIDString = D21D3A591DD842A40073CD53;
			remoteInfo = text;
		};
		D21D3A7A1DD842A50073CD53 /* PBXContainerItemProxy */ = {
			isa = PBXContainerItemProxy;
			containerPortal = D21D3A521DD842A40073CD53 /* Project object */;
			proxyType = 1;
			remoteGlobalIDString = D21D3A591DD842A40073CD53;
			remoteInfo = text;
		};
/* End PBXContainerItemProxy section */

/* Begin PBXFileReference section */
		D21D3A5A1DD842A40073CD53 /* text.app */ = {isa = PBXFileReference; explicitFileType = wrapper.application; includeInIndex = 0; path = text.app; sourceTree = BUILT_PRODUCTS_DIR; };
		D21D3A5D1DD842A40073CD53 /* AppDelegate.swift */ = {isa = PBXFileReference; lastKnownFileType = sourcecode.swift; path = AppDelegate.swift; sourceTree = "<group>"; };
		D21D3A5F1DD842A40073CD53 /* ViewController.swift */ = {isa = PBXFileReference; lastKnownFileType = sourcecode.swift; path = ViewController.swift; sourceTree = "<group>"; };
		D21D3A621DD842A40073CD53 /* Base */ = {isa = PBXFileReference; lastKnownFileType = file.storyboard; name = Base; path = Base.lproj/Main.storyboard; sourceTree = "<group>"; };
		D21D3A641DD842A40073CD53 /* Assets.xcassets */ = {isa = PBXFileReference; lastKnownFileType = folder.assetcatalog; path = Assets.xcassets; sourceTree = "<group>"; };
		D21D3A671DD842A40073CD53 /* Base */ = {isa = PBXFileReference; lastKnownFileType = file.storyboard; name = Base; path = Base.lproj/LaunchScreen.storyboard; sourceTree = "<group>"; };
		D21D3A691DD842A40073CD53 /* Info.plist */ = {isa = PBXFileReference; lastKnownFileType = text.plist.xml; path = Info.plist; sourceTree = "<group>"; };
		D21D3A6E1DD842A40073CD53 /* textTests.xctest */ = {isa = PBXFileReference; explicitFileType = wrapper.cfbundle; includeInIndex = 0; path = textTests.xctest; sourceTree = BUILT_PRODUCTS_DIR; };
		D21D3A721DD842A40073CD53 /* textTests.swift */ = {isa = PBXFileReference; lastKnownFileType = sourcecode.swift; path = textTests.swift; sourceTree = "<group>"; };
		D21D3A741DD842A40073CD53 /* Info.plist */ = {isa = PBXFileReference; lastKnownFileType = text.plist.xml; path = Info.plist; sourceTree = "<group>"; };
		D21D3A791DD842A40073CD53 /* textUITests.xctest */ = {isa = PBXFileReference; explicitFileType = wrapper.cfbundle; includeInIndex = 0; path = textUITests.xctest; sourceTree = BUILT_PRODUCTS_DIR; };
		D21D3A7D1DD842A50073CD53 /* textUITests.swift */ = {isa = PBXFileReference; lastKnownFileType = sourcecode.swift; path = textUITests.swift; sourceTree = "<group>"; };
		D21D3A7F1DD842A50073CD53 /* Info.plist */ = {isa = PBXFileReference; lastKnownFileType = text.plist.xml; path = Info.plist; sourceTree = "<group>"; };
/* End PBXFileReference section */

/* Begin PBXFrameworksBuildPhase section */
		D21D3A571DD842A40073CD53 /* Frameworks */ = {
			isa = PBXFrameworksBuildPhase;
			buildActionMask = 2147483647;
			files = (
			);
			runOnlyForDeploymentPostprocessing = 0;
		};
		D21D3A6B1DD842A40073CD53 /* Frameworks */ = {
			isa = PBXFrameworksBuildPhase;
			buildActionMask = 2147483647;
			files = (
			);
			runOnlyForDeploymentPostprocessing = 0;
		};
		D21D3A761DD842A40073CD53 /* Frameworks */ = {
			isa = PBXFrameworksBuildPhase;
			buildActionMask = 2147483647;
			files = (
			);
			runOnlyForDeploymentPostprocessing = 0;
		};
/* End PBXFrameworksBuildPhase section */

/* Begin PBXGroup section */
		D21D3A511DD842A40073CD53 = {
			isa = PBXGroup;
			children = (
				D21D3A5C1DD842A40073CD53 /* text */,
				D21D3A711DD842A40073CD53 /* textTests */,
				D21D3A7C1DD842A50073CD53 /* textUITests */,
				D21D3A5B1DD842A40073CD53 /* Products */,
			);
			sourceTree = "<group>";
		};
		D21D3A5B1DD842A40073CD53 /* Products */ = {
			isa = PBXGroup;
			children = (
				D21D3A5A1DD842A40073CD53 /* text.app */,
				D21D3A6E1DD842A40073CD53 /* textTests.xctest */,
				D21D3A791DD842A40073CD53 /* textUITests.xctest */,
			);
			name = Products;
			sourceTree = "<group>";
		};
		D21D3A5C1DD842A40073CD53 /* text */ = {
			isa = PBXGroup;
			children = (
				D21D3A5D1DD842A40073CD53 /* AppDelegate.swift */,
				D21D3A5F1DD842A40073CD53 /* ViewController.swift */,
				D21D3A611DD842A40073CD53 /* Main.storyboard */,
				D21D3A641DD842A40073CD53 /* Assets.xcassets */,
				D21D3A661DD842A40073CD53 /* LaunchScreen.storyboard */,
				D21D3A691DD842A40073CD53 /* Info.plist */,
			);
			path = text;
			sourceTree = "<group>";
		};
		D21D3A711DD842A40073CD53 /* textTests */ = {
			isa = PBXGroup;
			children = (
				D21D3A721DD842A40073CD53 /* textTests.swift */,
				D21D3A741DD842A40073CD53 /* Info.plist */,
			);
			path = textTests;
			sourceTree = "<group>";
		};
		D21D3A7C1DD842A50073CD53 /* textUITests */ = {
			isa = PBXGroup;
			children = (
				D21D3A7D1DD842A50073CD53 /* textUITests.swift */,
				D21D3A7F1DD842A50073CD53 /* Info.plist */,
			);
			path = textUITests;
			sourceTree = "<group>";
		};
/* End PBXGroup section */

/* Begin PBXNativeTarget section */
		D21D3A591DD842A40073CD53 /* text */ = {
			isa = PBXNativeTarget;
			buildConfigurationList = D21D3A821DD842A50073CD53 /* Build configuration list for PBXNativeTarget "text" */;
			buildPhases = (
				D21D3A561DD842A40073CD53 /* Sources */,
				D21D3A571DD842A40073CD53 /* Frameworks */,
				D21D3A581DD842A40073CD53 /* Resources */,
			);
			buildRules = (
			);
			dependencies = (
			);
			name = text;
			productName = text;
			productReference = D21D3A5A1DD842A40073CD53 /* text.app */;
			productType = "com.apple.product-type.application";
		};
		D21D3A6D1DD842A40073CD53 /* textTests */ = {
			isa = PBXNativeTarget;
			buildConfigurationList = D21D3A851DD842A50073CD53 /* Build configuration list for PBXNativeTarget "textTests" */;
			buildPhases = (
				D21D3A6A1DD842A40073CD53 /* Sources */,
				D21D3A6B1DD842A40073CD53 /* Frameworks */,
				D21D3A6C1DD842A40073CD53 /* Resources */,
			);
			buildRules = (
			);
			dependencies = (
				D21D3A701DD842A40073CD53 /* PBXTargetDependency */,
			);
			name = textTests;
			productName = textTests;
			productReference = D21D3A6E1DD842A40073CD53 /* textTests.xctest */;
			productType = "com.apple.product-type.bundle.unit-test";
		};
		D21D3A781DD842A40073CD53 /* textUITests */ = {
			isa = PBXNativeTarget;
			buildConfigurationList = D21D3A881DD842A50073CD53 /* Build configuration list for PBXNativeTarget "textUITests" */;
			buildPhases = (
				D21D3A751DD842A40073CD53 /* Sources */,
				D21D3A761DD842A40073CD53 /* Frameworks */,
				D21D3A771DD842A40073CD53 /* Resources */,
			);
			buildRules = (
			);
			dependencies = (
				D21D3A7B1DD842A50073CD53 /* PBXTargetDependency */,
			);
			name = textUITests;
			productName = textUITests;
			productReference = D21D3A791DD842A40073CD53 /* textUITests.xctest */;
			productType = "com.apple.product-type.bundle.ui-testing";
		};
/* End PBXNativeTarget section */

/* Begin PBXProject section */
		D21D3A521DD842A40073CD53 /* Project object */ = {
			isa = PBXProject;
			attributes = {
				LastSwiftUpdateCheck = 0810;
				LastUpgradeCheck = 0810;
				ORGANIZATIONNAME = Tesiro;
				TargetAttributes = {
					D21D3A591DD842A40073CD53 = {
						CreatedOnToolsVersion = 8.1;
						DevelopmentTeam = 7KY9D5L76C;
						ProvisioningStyle = Automatic;
					};
					D21D3A6D1DD842A40073CD53 = {
						CreatedOnToolsVersion = 8.1;
						DevelopmentTeam = 7KY9D5L76C;
						ProvisioningStyle = Automatic;
						TestTargetID = D21D3A591DD842A40073CD53;
					};
					D21D3A781DD842A40073CD53 = {
						CreatedOnToolsVersion = 8.1;
						DevelopmentTeam = 7KY9D5L76C;
						ProvisioningStyle = Automatic;
						TestTargetID = D21D3A591DD842A40073CD53;
					};
				};
			};
			buildConfigurationList = D21D3A551DD842A40073CD53 /* Build configuration list for PBXProject "text" */;
			compatibilityVersion = "Xcode 3.2";
			developmentRegion = English;
			hasScannedForEncodings = 0;
			knownRegions = (
				en,
				Base,
			);
			mainGroup = D21D3A511DD842A40073CD53;
			productRefGroup = D21D3A5B1DD842A40073CD53 /* Products */;
			projectDirPath = "";
			projectRoot = "";
			targets = (
				D21D3A591DD842A40073CD53 /* text */,
				D21D3A6D1DD842A40073CD53 /* textTests */,
				D21D3A781DD842A40073CD53 /* textUITests */,
			);
		};
/* End PBXProject section */

/* Begin PBXResourcesBuildPhase section */
		D21D3A581DD842A40073CD53 /* Resources */ = {
			isa = PBXResourcesBuildPhase;
			buildActionMask = 2147483647;
			files = (
				D21D3A681DD842A40073CD53 /* LaunchScreen.storyboard in Resources */,
				D21D3A651DD842A40073CD53 /* Assets.xcassets in Resources */,
				D21D3A631DD842A40073CD53 /* Main.storyboard in Resources */,
			);
			runOnlyForDeploymentPostprocessing = 0;
		};
		D21D3A6C1DD842A40073CD53 /* Resources */ = {
			isa = PBXResourcesBuildPhase;
			buildActionMask = 2147483647;
			files = (
			);
			runOnlyForDeploymentPostprocessing = 0;
		};
		D21D3A771DD842A40073CD53 /* Resources */ = {
			isa = PBXResourcesBuildPhase;
			buildActionMask = 2147483647;
			files = (
			);
			runOnlyForDeploymentPostprocessing = 0;
		};
/* End PBXResourcesBuildPhase section */

/* Begin PBXSourcesBuildPhase section */
		D21D3A561DD842A40073CD53 /* Sources */ = {
			isa = PBXSourcesBuildPhase;
			buildActionMask = 2147483647;
			files = (
				D21D3A601DD842A40073CD53 /* ViewController.swift in Sources */,
				D21D3A5E1DD842A40073CD53 /* AppDelegate.swift in Sources */,
			);
			runOnlyForDeploymentPostprocessing = 0;
		};
		D21D3A6A1DD842A40073CD53 /* Sources */ = {
			isa = PBXSourcesBuildPhase;
			buildActionMask = 2147483647;
			files = (
				D21D3A731DD842A40073CD53 /* textTests.swift in Sources */,
			);
			runOnlyForDeploymentPostprocessing = 0;
		};
		D21D3A751DD842A40073CD53 /* Sources */ = {
			isa = PBXSourcesBuildPhase;
			buildActionMask = 2147483647;
			files = (
				D21D3A7E1DD842A50073CD53 /* textUITests.swift in Sources */,
			);
			runOnlyForDeploymentPostprocessing = 0;
		};
/* End PBXSourcesBuildPhase section */

/* Begin PBXTargetDependency section */
		D21D3A701DD842A40073CD53 /* PBXTargetDependency */ = {
			isa = PBXTargetDependency;
			target = D21D3A591DD842A40073CD53 /* text */;
			targetProxy = D21D3A6F1DD842A40073CD53 /* PBXContainerItemProxy */;
		};
		D21D3A7B1DD842A50073CD53 /* PBXTargetDependency */ = {
			isa = PBXTargetDependency;
			target = D21D3A591DD842A40073CD53 /* text */;
			targetProxy = D21D3A7A1DD842A50073CD53 /* PBXContainerItemProxy */;
		};
/* End PBXTargetDependency section */

/* Begin PBXVariantGroup section */
		D21D3A611DD842A40073CD53 /* Main.storyboard */ = {
			isa = PBXVariantGroup;
			children = (
				D21D3A621DD842A40073CD53 /* Base */,
			);
			name = Main.storyboard;
			sourceTree = "<group>";
		};
		D21D3A661DD842A40073CD53 /* LaunchScreen.storyboard */ = {
			isa = PBXVariantGroup;
			children = (
				D21D3A671DD842A40073CD53 /* Base */,
			);
			name = LaunchScreen.storyboard;
			sourceTree = "<group>";
		};
/* End PBXVariantGroup section */

/* Begin XCBuildConfiguration section */
		D21D3A801DD842A50073CD53 /* Debug */ = {
			isa = XCBuildConfiguration;
			buildSettings = {
				ALWAYS_SEARCH_USER_PATHS = NO;
				CLANG_ANALYZER_NONNULL = YES;
				CLANG_CXX_LANGUAGE_STANDARD = "gnu++0x";
				CLANG_CXX_LIBRARY = "libc++";
				CLANG_ENABLE_MODULES = YES;
				CLANG_ENABLE_OBJC_ARC = YES;
				CLANG_WARN_BOOL_CONVERSION = YES;
				CLANG_WARN_CONSTANT_CONVERSION = YES;
				CLANG_WARN_DIRECT_OBJC_ISA_USAGE = YES_ERROR;
				CLANG_WARN_DOCUMENTATION_COMMENTS = YES;
				CLANG_WARN_EMPTY_BODY = YES;
				CLANG_WARN_ENUM_CONVERSION = YES;
				CLANG_WARN_INFINITE_RECURSION = YES;
				CLANG_WARN_INT_CONVERSION = YES;
				CLANG_WARN_OBJC_ROOT_CLASS = YES_ERROR;
				CLANG_WARN_SUSPICIOUS_MOVES = YES;
				CLANG_WARN_UNREACHABLE_CODE = YES;
				CLANG_WARN__DUPLICATE_METHOD_MATCH = YES;
				"CODE_SIGN_IDENTITY[sdk=iphoneos*]" = "iPhone Developer";
				COPY_PHASE_STRIP = NO;
				DEBUG_INFORMATION_FORMAT = dwarf;
				ENABLE_STRICT_OBJC_MSGSEND = YES;
				ENABLE_TESTABILITY = YES;
				GCC_C_LANGUAGE_STANDARD = gnu99;
				GCC_DYNAMIC_NO_PIC = NO;
				GCC_NO_COMMON_BLOCKS = YES;
				GCC_OPTIMIZATION_LEVEL = 0;
				GCC_PREPROCESSOR_DEFINITIONS = (
					"DEBUG=1",
					"$(inherited)",
				);
				GCC_WARN_64_TO_32_BIT_CONVERSION = YES;
				GCC_WARN_ABOUT_RETURN_TYPE = YES_ERROR;
				GCC_WARN_UNDECLARED_SELECTOR = YES;
				GCC_WARN_UNINITIALIZED_AUTOS = YES_AGGRESSIVE;
				GCC_WARN_UNUSED_FUNCTION = YES;
				GCC_WARN_UNUSED_VARIABLE = YES;
				IPHONEOS_DEPLOYMENT_TARGET = 10.1;
				MTL_ENABLE_DEBUG_INFO = YES;
				ONLY_ACTIVE_ARCH = YES;
				SDKROOT = iphoneos;
				SWIFT_ACTIVE_COMPILATION_CONDITIONS = DEBUG;
				SWIFT_OPTIMIZATION_LEVEL = "-Onone";
				TARGETED_DEVICE_FAMILY = "1,2";
			};
			name = Debug;
		};
		D21D3A811DD842A50073CD53 /* Release */ = {
			isa = XCBuildConfiguration;
			buildSettings = {
				ALWAYS_SEARCH_USER_PATHS = NO;
				CLANG_ANALYZER_NONNULL = YES;
				CLANG_CXX_LANGUAGE_STANDARD = "gnu++0x";
				CLANG_CXX_LIBRARY = "libc++";
				CLANG_ENABLE_MODULES = YES;
				CLANG_ENABLE_OBJC_ARC = YES;
				CLANG_WARN_BOOL_CONVERSION = YES;
				CLANG_WARN_CONSTANT_CONVERSION = YES;
				CLANG_WARN_DIRECT_OBJC_ISA_USAGE = YES_ERROR;
				CLANG_WARN_DOCUMENTATION_COMMENTS = YES;
				CLANG_WARN_EMPTY_BODY = YES;
				CLANG_WARN_ENUM_CONVERSION = YES;
				CLANG_WARN_INFINITE_RECURSION = YES;
				CLANG_WARN_INT_CONVERSION = YES;
				CLANG_WARN_OBJC_ROOT_CLASS = YES_ERROR;
				CLANG_WARN_SUSPICIOUS_MOVES = YES;
				CLANG_WARN_UNREACHABLE_CODE = YES;
				CLANG_WARN__DUPLICATE_METHOD_MATCH = YES;
				"CODE_SIGN_IDENTITY[sdk=iphoneos*]" = "iPhone Developer";
				COPY_PHASE_STRIP = NO;
				DEBUG_INFORMATION_FORMAT = "dwarf-with-dsym";
				ENABLE_NS_ASSERTIONS = NO;
				ENABLE_STRICT_OBJC_MSGSEND = YES;
				GCC_C_LANGUAGE_STANDARD = gnu99;
				GCC_NO_COMMON_BLOCKS = YES;
				GCC_WARN_64_TO_32_BIT_CONVERSION = YES;
				GCC_WARN_ABOUT_RETURN_TYPE = YES_ERROR;
				GCC_WARN_UNDECLARED_SELECTOR = YES;
				GCC_WARN_UNINITIALIZED_AUTOS = YES_AGGRESSIVE;
				GCC_WARN_UNUSED_FUNCTION = YES;
				GCC_WARN_UNUSED_VARIABLE = YES;
				IPHONEOS_DEPLOYMENT_TARGET = 10.1;
				MTL_ENABLE_DEBUG_INFO = NO;
				SDKROOT = iphoneos;
				SWIFT_OPTIMIZATION_LEVEL = "-Owholemodule";
				TARGETED_DEVICE_FAMILY = "1,2";
				VALIDATE_PRODUCT = YES;
			};
			name = Release;
		};
		D21D3A831DD842A50073CD53 /* Debug */ = {
			isa = XCBuildConfiguration;
			buildSettings = {
				ASSETCATALOG_COMPILER_APPICON_NAME = AppIcon;
				DEVELOPMENT_TEAM = 7KY9D5L76C;
				INFOPLIST_FILE = text/Info.plist;
				LD_RUNPATH_SEARCH_PATHS = "$(inherited) @executable_path/Frameworks";
				PRODUCT_BUNDLE_IDENTIFIER = com.scetia.XieshiPrivateG;
				PRODUCT_NAME = "$(TARGET_NAME)";
				SWIFT_VERSION = 3.0;
			};
			name = Debug;
		};
		D21D3A841DD842A50073CD53 /* Release */ = {
			isa = XCBuildConfiguration;
			buildSettings = {
				ASSETCATALOG_COMPILER_APPICON_NAME = AppIcon;
				DEVELOPMENT_TEAM = 7KY9D5L76C;
				INFOPLIST_FILE = text/Info.plist;
				LD_RUNPATH_SEARCH_PATHS = "$(inherited) @executable_path/Frameworks";
				PRODUCT_BUNDLE_IDENTIFIER = com.scetia.XieshiPrivateG;
				PRODUCT_NAME = "$(TARGET_NAME)";
				SWIFT_VERSION = 3.0;
			};
			name = Release;
		};
		D21D3A861DD842A50073CD53 /* Debug */ = {
			isa = XCBuildConfiguration;
			buildSettings = {
				ALWAYS_EMBED_SWIFT_STANDARD_LIBRARIES = YES;
				BUNDLE_LOADER = "$(TEST_HOST)";
				DEVELOPMENT_TEAM = 7KY9D5L76C;
				INFOPLIST_FILE = textTests/Info.plist;
				LD_RUNPATH_SEARCH_PATHS = "$(inherited) @executable_path/Frameworks @loader_path/Frameworks";
				PRODUCT_BUNDLE_IDENTIFIER = com.scetia.XieshiPrivateG.textTests;
				PRODUCT_NAME = "$(TARGET_NAME)";
				SWIFT_VERSION = 3.0;
				TEST_HOST = "$(BUILT_PRODUCTS_DIR)/text.app/text";
			};
			name = Debug;
		};
		D21D3A871DD842A50073CD53 /* Release */ = {
			isa = XCBuildConfiguration;
			buildSettings = {
				ALWAYS_EMBED_SWIFT_STANDARD_LIBRARIES = YES;
				BUNDLE_LOADER = "$(TEST_HOST)";
				DEVELOPMENT_TEAM = 7KY9D5L76C;
				INFOPLIST_FILE = textTests/Info.plist;
				LD_RUNPATH_SEARCH_PATHS = "$(inherited) @executable_path/Frameworks @loader_path/Frameworks";
				PRODUCT_BUNDLE_IDENTIFIER = com.scetia.XieshiPrivateG.textTests;
				PRODUCT_NAME = "$(TARGET_NAME)";
				SWIFT_VERSION = 3.0;
				TEST_HOST = "$(BUILT_PRODUCTS_DIR)/text.app/text";
			};
			name = Release;
		};
		D21D3A891DD842A50073CD53 /* Debug */ = {
			isa = XCBuildConfiguration;
			buildSettings = {
				ALWAYS_EMBED_SWIFT_STANDARD_LIBRARIES = YES;
				DEVELOPMENT_TEAM = 7KY9D5L76C;
				INFOPLIST_FILE = textUITests/Info.plist;
				LD_RUNPATH_SEARCH_PATHS = "$(inherited) @executable_path/Frameworks @loader_path/Frameworks";
				PRODUCT_BUNDLE_IDENTIFIER = com.scetia.XieshiPrivateG.textUITests;
				PRODUCT_NAME = "$(TARGET_NAME)";
				SWIFT_VERSION = 3.0;
				TEST_TARGET_NAME = text;
			};
			name = Debug;
		};
		D21D3A8A1DD842A50073CD53 /* Release */ = {
			isa = XCBuildConfiguration;
			buildSettings = {
				ALWAYS_EMBED_SWIFT_STANDARD_LIBRARIES = YES;
				DEVELOPMENT_TEAM = 7KY9D5L76C;
				INFOPLIST_FILE = textUITests/Info.plist;
				LD_RUNPATH_SEARCH_PATHS = "$(inherited) @executable_path/Frameworks @loader_path/Frameworks";
				PRODUCT_BUNDLE_IDENTIFIER = com.scetia.XieshiPrivateG.textUITests;
				PRODUCT_NAME = "$(TARGET_NAME)";
				SWIFT_VERSION = 3.0;
				TEST_TARGET_NAME = text;
			};
			name = Release;
		};
/* End XCBuildConfiguration section */

/* Begin XCConfigurationList section */
		D21D3A551DD842A40073CD53 /* Build configuration list for PBXProject "text" */ = {
			isa = XCConfigurationList;
			buildConfigurations = (
				D21D3A801DD842A50073CD53 /* Debug */,
				D21D3A811DD842A50073CD53 /* Release */,
			);
			defaultConfigurationIsVisible = 0;
			defaultConfigurationName = Release;
		};
		D21D3A821DD842A50073CD53 /* Build configuration list for PBXNativeTarget "text" */ = {
			isa = XCConfigurationList;
			buildConfigurations = (
				D21D3A831DD842A50073CD53 /* Debug */,
				D21D3A841DD842A50073CD53 /* Release */,
			);
			defaultConfigurationIsVisible = 0;
		};
		D21D3A851DD842A50073CD53 /* Build configuration list for PBXNativeTarget "textTests" */ = {
			isa = XCConfigurationList;
			buildConfigurations = (
				D21D3A861DD842A50073CD53 /* Debug */,
				D21D3A871DD842A50073CD53 /* Release */,
			);
			defaultConfigurationIsVisible = 0;
		};
		D21D3A881DD842A50073CD53 /* Build configuration list for PBXNativeTarget "textUITests" */ = {
			isa = XCConfigurationList;
			buildConfigurations = (
				D21D3A891DD842A50073CD53 /* Debug */,
				D21D3A8A1DD842A50073CD53 /* Release */,
			);
			defaultConfigurationIsVisible = 0;
		};
/* End XCConfigurationList section */
	};
	rootObject = D21D3A521DD842A40073CD53 /* Project object */;
}
